
Microsoft Visual Studio Solution File, Format Version 12.00
# Visual Studio Version 17
VisualStudioVersion = 17.5.002.0
MinimumVisualStudioVersion = 10.0.40219.1
Project("{9A19103F-16F7-4668-BE54-9A1E7A4F7556}") = "caf-api", "caf-api.csproj", "{736A596F-935B-460F-8736-01209BD889A7}"
EndProject
Global
	GlobalSection(SolutionConfigurationPlatforms) = preSolution
		Debug|Any CPU = Debug|Any CPU
		Release|Any CPU = Release|Any CPU
	EndGlobalSection
	GlobalSection(ProjectConfigurationPlatforms) = postSolution
		{736A596F-935B-460F-8736-01209BD889A7}.Debug|Any CPU.ActiveCfg = Debug|Any CPU
		{736A596F-935B-460F-8736-01209BD889A7}.Debug|Any CPU.Build.0 = Debug|Any CPU
		{736A596F-935B-460F-8736-01209BD889A7}.Release|Any CPU.ActiveCfg = Release|Any CPU
		{736A596F-935B-460F-8736-01209BD889A7}.Release|Any CPU.Build.0 = Release|Any CPU
	EndGlobalSection
	GlobalSection(SolutionProperties) = preSolution
		HideSolutionNode = FALSE
	EndGlobalSection
	GlobalSection(ExtensibilityGlobals) = postSolution
		SolutionGuid = {232E408C-3FB7-4DA1-9BD4-56DB2F0A1F02}
	EndGlobalSection
EndGlobal
